// !$*UTF8*$!
{
	archiveVersion = 1;
	classes = {
	};
	objectVersion = 48;
	objects = {

/* Begin PBXBuildFile section */
		710905861F9E96EC00988557 /* AppDelegate.swift in Sources */ = {isa = PBXBuildFile; fileRef = 710905851F9E96EC00988557 /* AppDelegate.swift */; };
		710905881F9E96EC00988557 /* GameScene.sks in Resources */ = {isa = PBXBuildFile; fileRef = 710905871F9E96EC00988557 /* GameScene.sks */; };
		7109058A1F9E96EC00988557 /* Actions.sks in Resources */ = {isa = PBXBuildFile; fileRef = 710905891F9E96EC00988557 /* Actions.sks */; };
		7109058C1F9E96EC00988557 /* GameScene.swift in Sources */ = {isa = PBXBuildFile; fileRef = 7109058B1F9E96EC00988557 /* GameScene.swift */; };
		7109058E1F9E96EC00988557 /* GameViewController.swift in Sources */ = {isa = PBXBuildFile; fileRef = 7109058D1F9E96EC00988557 /* GameViewController.swift */; };
		710905911F9E96EC00988557 /* Main.storyboard in Resources */ = {isa = PBXBuildFile; fileRef = 7109058F1F9E96EC00988557 /* Main.storyboard */; };
		710905931F9E96EC00988557 /* Assets.xcassets in Resources */ = {isa = PBXBuildFile; fileRef = 710905921F9E96EC00988557 /* Assets.xcassets */; };
		710905961F9E96EC00988557 /* LaunchScreen.storyboard in Resources */ = {isa = PBXBuildFile; fileRef = 710905941F9E96EC00988557 /* LaunchScreen.storyboard */; };
		7109059E1FA3BD9D00988557 /* SpaceDust.sks in Resources */ = {isa = PBXBuildFile; fileRef = 7109059D1FA3BD9D00988557 /* SpaceDust.sks */; };
		710905A01FA3C15200988557 /* GameSceneViewHelper.swift in Sources */ = {isa = PBXBuildFile; fileRef = 7109059F1FA3C15200988557 /* GameSceneViewHelper.swift */; };
		71894A5A1FA7835400C9C79A /* PhysicsCategory.swift in Sources */ = {isa = PBXBuildFile; fileRef = 71894A591FA7835400C9C79A /* PhysicsCategory.swift */; };
/* End PBXBuildFile section */

/* Begin PBXFileReference section */
		710905821F9E96EC00988557 /* AsteroidAvoider.app */ = {isa = PBXFileReference; explicitFileType = wrapper.application; includeInIndex = 0; path = AsteroidAvoider.app; sourceTree = BUILT_PRODUCTS_DIR; };
		710905851F9E96EC00988557 /* AppDelegate.swift */ = {isa = PBXFileReference; lastKnownFileType = sourcecode.swift; path = AppDelegate.swift; sourceTree = "<group>"; };
		710905871F9E96EC00988557 /* GameScene.sks */ = {isa = PBXFileReference; lastKnownFileType = file.sks; path = GameScene.sks; sourceTree = "<group>"; };
		710905891F9E96EC00988557 /* Actions.sks */ = {isa = PBXFileReference; lastKnownFileType = file.sks; path = Actions.sks; sourceTree = "<group>"; };
		7109058B1F9E96EC00988557 /* GameScene.swift */ = {isa = PBXFileReference; lastKnownFileType = sourcecode.swift; path = GameScene.swift; sourceTree = "<group>"; };
		7109058D1F9E96EC00988557 /* GameViewController.swift */ = {isa = PBXFileReference; lastKnownFileType = sourcecode.swift; path = GameViewController.swift; sourceTree = "<group>"; };
		710905901F9E96EC00988557 /* Base */ = {isa = PBXFileReference; lastKnownFileType = file.storyboard; name = Base; path = Base.lproj/Main.storyboard; sourceTree = "<group>"; };
		710905921F9E96EC00988557 /* Assets.xcassets */ = {isa = PBXFileReference; lastKnownFileType = folder.assetcatalog; path = Assets.xcassets; sourceTree = "<group>"; };
		710905951F9E96EC00988557 /* Base */ = {isa = PBXFileReference; lastKnownFileType = file.storyboard; name = Base; path = Base.lproj/LaunchScreen.storyboard; sourceTree = "<group>"; };
		710905971F9E96EC00988557 /* Info.plist */ = {isa = PBXFileReference; lastKnownFileType = text.plist.xml; path = Info.plist; sourceTree = "<group>"; };
		7109059D1FA3BD9D00988557 /* SpaceDust.sks */ = {isa = PBXFileReference; lastKnownFileType = file.sks; path = SpaceDust.sks; sourceTree = "<group>"; };
		7109059F1FA3C15200988557 /* GameSceneViewHelper.swift */ = {isa = PBXFileReference; lastKnownFileType = sourcecode.swift; path = GameSceneViewHelper.swift; sourceTree = "<group>"; };
		71894A591FA7835400C9C79A /* PhysicsCategory.swift */ = {isa = PBXFileReference; lastKnownFileType = sourcecode.swift; path = PhysicsCategory.swift; sourceTree = "<group>"; };
/* End PBXFileReference section */

/* Begin PBXFrameworksBuildPhase section */
		7109057F1F9E96EC00988557 /* Frameworks */ = {
			isa = PBXFrameworksBuildPhase;
			buildActionMask = 2147483647;
			files = (
			);
			runOnlyForDeploymentPostprocessing = 0;
		};
/* End PBXFrameworksBuildPhase section */

/* Begin PBXGroup section */
		710905791F9E96EC00988557 = {
			isa = PBXGroup;
			children = (
				710905841F9E96EC00988557 /* AsteroidAvoider */,
				710905831F9E96EC00988557 /* Products */,
			);
			sourceTree = "<group>";
		};
		710905831F9E96EC00988557 /* Products */ = {
			isa = PBXGroup;
			children = (
				710905821F9E96EC00988557 /* AsteroidAvoider.app */,
			);
			name = Products;
			sourceTree = "<group>";
		};
		710905841F9E96EC00988557 /* AsteroidAvoider */ = {
			isa = PBXGroup;
			children = (
				710905A31FA3C16400988557 /* Model */,
				710905A21FA3C15C00988557 /* Controller */,
				710905A11FA3C15600988557 /* View */,
				710905851F9E96EC00988557 /* AppDelegate.swift */,
				7109058F1F9E96EC00988557 /* Main.storyboard */,
				710905921F9E96EC00988557 /* Assets.xcassets */,
				710905941F9E96EC00988557 /* LaunchScreen.storyboard */,
				710905971F9E96EC00988557 /* Info.plist */,
			);
			path = AsteroidAvoider;
			sourceTree = "<group>";
		};
		710905A11FA3C15600988557 /* View */ = {
			isa = PBXGroup;
			children = (
				7109059F1FA3C15200988557 /* GameSceneViewHelper.swift */,
				710905891F9E96EC00988557 /* Actions.sks */,
				7109059D1FA3BD9D00988557 /* SpaceDust.sks */,
			);
			path = View;
			sourceTree = "<group>";
		};
		710905A21FA3C15C00988557 /* Controller */ = {
			isa = PBXGroup;
			children = (
				7109058B1F9E96EC00988557 /* GameScene.swift */,
				7109058D1F9E96EC00988557 /* GameViewController.swift */,
			);
			path = Controller;
			sourceTree = "<group>";
		};
		710905A31FA3C16400988557 /* Model */ = {
			isa = PBXGroup;
			children = (
				710905871F9E96EC00988557 /* GameScene.sks */,
				71894A591FA7835400C9C79A /* PhysicsCategory.swift */,
			);
			path = Model;
			sourceTree = "<group>";
		};
/* End PBXGroup section */

/* Begin PBXNativeTarget section */
		710905811F9E96EC00988557 /* AsteroidAvoider */ = {
			isa = PBXNativeTarget;
			buildConfigurationList = 7109059A1F9E96EC00988557 /* Build configuration list for PBXNativeTarget "AsteroidAvoider" */;
			buildPhases = (
				7109057E1F9E96EC00988557 /* Sources */,
				7109057F1F9E96EC00988557 /* Frameworks */,
				710905801F9E96EC00988557 /* Resources */,
			);
			buildRules = (
			);
			dependencies = (
			);
			name = AsteroidAvoider;
			productName = AsteroidAvoider;
			productReference = 710905821F9E96EC00988557 /* AsteroidAvoider.app */;
			productType = "com.apple.product-type.application";
		};
/* End PBXNativeTarget section */

/* Begin PBXProject section */
		7109057A1F9E96EC00988557 /* Project object */ = {
			isa = PBXProject;
			attributes = {
				LastSwiftUpdateCheck = 0900;
				LastUpgradeCheck = 0900;
				ORGANIZATIONNAME = "Shawn Roller";
				TargetAttributes = {
					710905811F9E96EC00988557 = {
						CreatedOnToolsVersion = 9.0;
						ProvisioningStyle = Automatic;
					};
				};
			};
			buildConfigurationList = 7109057D1F9E96EC00988557 /* Build configuration list for PBXProject "AsteroidAvoider" */;
			compatibilityVersion = "Xcode 8.0";
			developmentRegion = en;
			hasScannedForEncodings = 0;
			knownRegions = (
				en,
				Base,
			);
			mainGroup = 710905791F9E96EC00988557;
			productRefGroup = 710905831F9E96EC00988557 /* Products */;
			projectDirPath = "";
			projectRoot = "";
			targets = (
				710905811F9E96EC00988557 /* AsteroidAvoider */,
			);
		};
/* End PBXProject section */

/* Begin PBXResourcesBuildPhase section */
		710905801F9E96EC00988557 /* Resources */ = {
			isa = PBXResourcesBuildPhase;
			buildActionMask = 2147483647;
			files = (
				710905911F9E96EC00988557 /* Main.storyboard in Resources */,
				710905881F9E96EC00988557 /* GameScene.sks in Resources */,
				710905931F9E96EC00988557 /* Assets.xcassets in Resources */,
				710905961F9E96EC00988557 /* LaunchScreen.storyboard in Resources */,
				7109059E1FA3BD9D00988557 /* SpaceDust.sks in Resources */,
				7109058A1F9E96EC00988557 /* Actions.sks in Resources */,
			);
			runOnlyForDeploymentPostprocessing = 0;
		};
/* End PBXResourcesBuildPhase section */

/* Begin PBXSourcesBuildPhase section */
		7109057E1F9E96EC00988557 /* Sources */ = {
			isa = PBXSourcesBuildPhase;
			buildActionMask = 2147483647;
			files = (
				7109058C1F9E96EC00988557 /* GameScene.swift in Sources */,
				7109058E1F9E96EC00988557 /* GameViewController.swift in Sources */,
				71894A5A1FA7835400C9C79A /* PhysicsCategory.swift in Sources */,
				710905861F9E96EC00988557 /* AppDelegate.swift in Sources */,
				710905A01FA3C15200988557 /* GameSceneViewHelper.swift in Sources */,
			);
			runOnlyForDeploymentPostprocessing = 0;
		};
/* End PBXSourcesBuildPhase section */

/* Begin PBXVariantGroup section */
		7109058F1F9E96EC00988557 /* Main.storyboard */ = {
			isa = PBXVariantGroup;
			children = (
				710905901F9E96EC00988557 /* Base */,
			);
			name = Main.storyboard;
			sourceTree = "<group>";
		};
		710905941F9E96EC00988557 /* LaunchScreen.storyboard */ = {
			isa = PBXVariantGroup;
			children = (
				710905951F9E96EC00988557 /* Base */,
			);
			name = LaunchScreen.storyboard;
			sourceTree = "<group>";
		};
/* End PBXVariantGroup section */

/* Begin XCBuildConfiguration section */
		710905981F9E96EC00988557 /* Debug */ = {
			isa = XCBuildConfiguration;
			buildSettings = {
				ALWAYS_SEARCH_USER_PATHS = NO;
				CLANG_ANALYZER_NONNULL = YES;
				CLANG_ANALYZER_NUMBER_OBJECT_CONVERSION = YES_AGGRESSIVE;
				CLANG_CXX_LANGUAGE_STANDARD = "gnu++14";
				CLANG_CXX_LIBRARY = "libc++";
				CLANG_ENABLE_MODULES = YES;
				CLANG_ENABLE_OBJC_ARC = YES;
				CLANG_WARN_BLOCK_CAPTURE_AUTORELEASING = YES;
				CLANG_WARN_BOOL_CONVERSION = YES;
				CLANG_WARN_COMMA = YES;
				CLANG_WARN_CONSTANT_CONVERSION = YES;
				CLANG_WARN_DIRECT_OBJC_ISA_USAGE = YES_ERROR;
				CLANG_WARN_DOCUMENTATION_COMMENTS = YES;
				CLANG_WARN_EMPTY_BODY = YES;
				CLANG_WARN_ENUM_CONVERSION = YES;
				CLANG_WARN_INFINITE_RECURSION = YES;
				CLANG_WARN_INT_CONVERSION = YES;
				CLANG_WARN_NON_LITERAL_NULL_CONVERSION = YES;
				CLANG_WARN_OBJC_LITERAL_CONVERSION = YES;
				CLANG_WARN_OBJC_ROOT_CLASS = YES_ERROR;
				CLANG_WARN_RANGE_LOOP_ANALYSIS = YES;
				CLANG_WARN_STRICT_PROTOTYPES = YES;
				CLANG_WARN_SUSPICIOUS_MOVE = YES;
				CLANG_WARN_UNGUARDED_AVAILABILITY = YES_AGGRESSIVE;
				CLANG_WARN_UNREACHABLE_CODE = YES;
				CLANG_WARN__DUPLICATE_METHOD_MATCH = YES;
				CODE_SIGN_IDENTITY = "iPhone Developer";
				COPY_PHASE_STRIP = NO;
				DEBUG_INFORMATION_FORMAT = dwarf;
				ENABLE_STRICT_OBJC_MSGSEND = YES;
				ENABLE_TESTABILITY = YES;
				GCC_C_LANGUAGE_STANDARD = gnu11;
				GCC_DYNAMIC_NO_PIC = NO;
				GCC_NO_COMMON_BLOCKS = YES;
				GCC_OPTIMIZATION_LEVEL = 0;
				GCC_PREPROCESSOR_DEFINITIONS = (
					"DEBUG=1",
					"$(inherited)",
				);
				GCC_WARN_64_TO_32_BIT_CONVERSION = YES;
				GCC_WARN_ABOUT_RETURN_TYPE = YES_ERROR;
				GCC_WARN_UNDECLARED_SELECTOR = YES;
				GCC_WARN_UNINITIALIZED_AUTOS = YES_AGGRESSIVE;
				GCC_WARN_UNUSED_FUNCTION = YES;
				GCC_WARN_UNUSED_VARIABLE = YES;
				IPHONEOS_DEPLOYMENT_TARGET = 11.0;
				MTL_ENABLE_DEBUG_INFO = YES;
				ONLY_ACTIVE_ARCH = YES;
				SDKROOT = iphoneos;
				SWIFT_ACTIVE_COMPILATION_CONDITIONS = DEBUG;
				SWIFT_OPTIMIZATION_LEVEL = "-Onone";
			};
			name = Debug;
		};
		710905991F9E96EC00988557 /* Release */ = {
			isa = XCBuildConfiguration;
			buildSettings = {
				ALWAYS_SEARCH_USER_PATHS = NO;
				CLANG_ANALYZER_NONNULL = YES;
				CLANG_ANALYZER_NUMBER_OBJECT_CONVERSION = YES_AGGRESSIVE;
				CLANG_CXX_LANGUAGE_STANDARD = "gnu++14";
				CLANG_CXX_LIBRARY = "libc++";
				CLANG_ENABLE_MODULES = YES;
				CLANG_ENABLE_OBJC_ARC = YES;
				CLANG_WARN_BLOCK_CAPTURE_AUTORELEASING = YES;
				CLANG_WARN_BOOL_CONVERSION = YES;
				CLANG_WARN_COMMA = YES;
				CLANG_WARN_CONSTANT_CONVERSION = YES;
				CLANG_WARN_DIRECT_OBJC_ISA_USAGE = YES_ERROR;
				CLANG_WARN_DOCUMENTATION_COMMENTS = YES;
				CLANG_WARN_EMPTY_BODY = YES;
				CLANG_WARN_ENUM_CONVERSION = YES;
				CLANG_WARN_INFINITE_RECURSION = YES;
				CLANG_WARN_INT_CONVERSION = YES;
				CLANG_WARN_NON_LITERAL_NULL_CONVERSION = YES;
				CLANG_WARN_OBJC_LITERAL_CONVERSION = YES;
				CLANG_WARN_OBJC_ROOT_CLASS = YES_ERROR;
				CLANG_WARN_RANGE_LOOP_ANALYSIS = YES;
				CLANG_WARN_STRICT_PROTOTYPES = YES;
				CLANG_WARN_SUSPICIOUS_MOVE = YES;
				CLANG_WARN_UNGUARDED_AVAILABILITY = YES_AGGRESSIVE;
				CLANG_WARN_UNREACHABLE_CODE = YES;
				CLANG_WARN__DUPLICATE_METHOD_MATCH = YES;
				CODE_SIGN_IDENTITY = "iPhone Developer";
				COPY_PHASE_STRIP = NO;
				DEBUG_INFORMATION_FORMAT = "dwarf-with-dsym";
				ENABLE_NS_ASSERTIONS = NO;
				ENABLE_STRICT_OBJC_MSGSEND = YES;
				GCC_C_LANGUAGE_STANDARD = gnu11;
				GCC_NO_COMMON_BLOCKS = YES;
				GCC_WARN_64_TO_32_BIT_CONVERSION = YES;
				GCC_WARN_ABOUT_RETURN_TYPE = YES_ERROR;
				GCC_WARN_UNDECLARED_SELECTOR = YES;
				GCC_WARN_UNINITIALIZED_AUTOS = YES_AGGRESSIVE;
				GCC_WARN_UNUSED_FUNCTION = YES;
				GCC_WARN_UNUSED_VARIABLE = YES;
				IPHONEOS_DEPLOYMENT_TARGET = 11.0;
				MTL_ENABLE_DEBUG_INFO = NO;
				SDKROOT = iphoneos;
				SWIFT_OPTIMIZATION_LEVEL = "-Owholemodule";
				VALIDATE_PRODUCT = YES;
			};
			name = Release;
		};
		7109059B1F9E96EC00988557 /* Debug */ = {
			isa = XCBuildConfiguration;
			buildSettings = {
				ASSETCATALOG_COMPILER_APPICON_NAME = AppIcon;
				CODE_SIGN_STYLE = Automatic;
				DEVELOPMENT_TEAM = EWH85CQYYJ;
				INFOPLIST_FILE = AsteroidAvoider/Info.plist;
				LD_RUNPATH_SEARCH_PATHS = "$(inherited) @executable_path/Frameworks";
				PRODUCT_BUNDLE_IDENTIFIER = "com.offensively-bad.AsteroidAvoider";
				PRODUCT_NAME = "$(TARGET_NAME)";
				SWIFT_VERSION = 4.0;
				TARGETED_DEVICE_FAMILY = "1,2";
			};
			name = Debug;
		};
		7109059C1F9E96EC00988557 /* Release */ = {
			isa = XCBuildConfiguration;
			buildSettings = {
				ASSETCATALOG_COMPILER_APPICON_NAME = AppIcon;
				CODE_SIGN_STYLE = Automatic;
				DEVELOPMENT_TEAM = EWH85CQYYJ;
				INFOPLIST_FILE = AsteroidAvoider/Info.plist;
				LD_RUNPATH_SEARCH_PATHS = "$(inherited) @executable_path/Frameworks";
				PRODUCT_BUNDLE_IDENTIFIER = "com.offensively-bad.AsteroidAvoider";
				PRODUCT_NAME = "$(TARGET_NAME)";
				SWIFT_VERSION = 4.0;
				TARGETED_DEVICE_FAMILY = "1,2";
			};
			name = Release;
		};
/* End XCBuildConfiguration section */

/* Begin XCConfigurationList section */
		7109057D1F9E96EC00988557 /* Build configuration list for PBXProject "AsteroidAvoider" */ = {
			isa = XCConfigurationList;
			buildConfigurations = (
				710905981F9E96EC00988557 /* Debug */,
				710905991F9E96EC00988557 /* Release */,
			);
			defaultConfigurationIsVisible = 0;
			defaultConfigurationName = Release;
		};
		7109059A1F9E96EC00988557 /* Build configuration list for PBXNativeTarget "AsteroidAvoider" */ = {
			isa = XCConfigurationList;
			buildConfigurations = (
				7109059B1F9E96EC00988557 /* Debug */,
				7109059C1F9E96EC00988557 /* Release */,
			);
			defaultConfigurationIsVisible = 0;
			defaultConfigurationName = Release;
		};
/* End XCConfigurationList section */
	};
	rootObject = 7109057A1F9E96EC00988557 /* Project object */;
}
